
Microsoft Visual Studio Solution File, Format Version 12.00
# Visual Studio Version 17
VisualStudioVersion = 17.13.35919.96
MinimumVisualStudioVersion = 10.0.40219.1
Project("{8BC9CEB8-8B4A-11D0-8D11-00A0C91BC942}") = "HelloWorld", "HelloWorld\HelloWorld.vcxproj", "{97490DD5-591E-43D7-8989-F0140E3DE8FB}"
EndProject
Project("{8BC9CEB8-8B4A-11D0-8D11-00A0C91BC942}") = "DataTypes", "DataTypes\DataTypes.vcxproj", "{1E36FBFA-2BB9-45AF-B2CB-1BC20B4BB6B1}"
EndProject
Project("{8BC9CEB8-8B4A-11D0-8D11-00A0C91BC942}") = "UserDataTypes", "UserDataTypes\UserDataTypes.vcxproj", "{BA84CC9B-88F2-4253-9749-F84E9C353FB1}"
EndProject
Project("{8BC9CEB8-8B4A-11D0-8D11-00A0C91BC942}") = "PrimitiveDataTypes", "PrimitiveDataTypes\PrimitiveDataTypes.vcxproj", "{F997A8B3-5DF7-4871-9091-325B2C246C36}"
EndProject
Project("{8BC9CEB8-8B4A-11D0-8D11-00A0C91BC942}") = "MadLib", "MadLib\MadLib.vcxproj", "{6E752578-503E-48F3-B95E-A83D2D4D37F8}"
EndProject
Project("{8BC9CEB8-8B4A-11D0-8D11-00A0C91BC942}") = "UserDataTypesAssignment", "UserDataTypesAssignment\UserDataTypesAssignment.vcxproj", "{36C94538-4912-4563-AFB2-23785F379576}"
EndProject
Project("{8BC9CEB8-8B4A-11D0-8D11-00A0C91BC942}") = "Memory", "Memory\Memory.vcxproj", "{E530BECC-E6D1-479C-B281-490C82AB5754}"
EndProject
Project("{8BC9CEB8-8B4A-11D0-8D11-00A0C91BC942}") = "Containers", "Containers\Containers.vcxproj", "{4B6BE167-A0F9-4DC3-9BF1-A7D68263C211}"
EndProject
Project("{8BC9CEB8-8B4A-11D0-8D11-00A0C91BC942}") = "MemoryReview", "MemoryReview\MemoryReview.vcxproj", "{6419D048-D1FB-40C8-9797-D99FA805D559}"
EndProject
Project("{8BC9CEB8-8B4A-11D0-8D11-00A0C91BC942}") = "ContainersAssignment", "ContainersAssignment\ContainersAssignment.vcxproj", "{045D4F68-EF40-45AF-88DC-F8F7D5775AFE}"
EndProject
Project("{8BC9CEB8-8B4A-11D0-8D11-00A0C91BC942}") = "OOP", "OOP\OOP.vcxproj", "{A990FAD0-84F1-493A-BB68-BC334543CAE5}"
EndProject
Project("{8BC9CEB8-8B4A-11D0-8D11-00A0C91BC942}") = "Classes", "Classes\Classes.vcxproj", "{0CA53D1E-33FC-42A1-A173-4EFF9C81A6E3}"
EndProject
Global
	GlobalSection(SolutionConfigurationPlatforms) = preSolution
		Debug|x64 = Debug|x64
		Debug|x86 = Debug|x86
		Release|x64 = Release|x64
		Release|x86 = Release|x86
	EndGlobalSection
	GlobalSection(ProjectConfigurationPlatforms) = postSolution
		{97490DD5-591E-43D7-8989-F0140E3DE8FB}.Debug|x64.ActiveCfg = Debug|x64
		{97490DD5-591E-43D7-8989-F0140E3DE8FB}.Debug|x64.Build.0 = Debug|x64
		{97490DD5-591E-43D7-8989-F0140E3DE8FB}.Debug|x86.ActiveCfg = Debug|Win32
		{97490DD5-591E-43D7-8989-F0140E3DE8FB}.Debug|x86.Build.0 = Debug|Win32
		{97490DD5-591E-43D7-8989-F0140E3DE8FB}.Release|x64.ActiveCfg = Release|x64
		{97490DD5-591E-43D7-8989-F0140E3DE8FB}.Release|x64.Build.0 = Release|x64
		{97490DD5-591E-43D7-8989-F0140E3DE8FB}.Release|x86.ActiveCfg = Release|Win32
		{97490DD5-591E-43D7-8989-F0140E3DE8FB}.Release|x86.Build.0 = Release|Win32
		{1E36FBFA-2BB9-45AF-B2CB-1BC20B4BB6B1}.Debug|x64.ActiveCfg = Debug|x64
		{1E36FBFA-2BB9-45AF-B2CB-1BC20B4BB6B1}.Debug|x64.Build.0 = Debug|x64
		{1E36FBFA-2BB9-45AF-B2CB-1BC20B4BB6B1}.Debug|x86.ActiveCfg = Debug|Win32
		{1E36FBFA-2BB9-45AF-B2CB-1BC20B4BB6B1}.Debug|x86.Build.0 = Debug|Win32
		{1E36FBFA-2BB9-45AF-B2CB-1BC20B4BB6B1}.Release|x64.ActiveCfg = Release|x64
		{1E36FBFA-2BB9-45AF-B2CB-1BC20B4BB6B1}.Release|x64.Build.0 = Release|x64
		{1E36FBFA-2BB9-45AF-B2CB-1BC20B4BB6B1}.Release|x86.ActiveCfg = Release|Win32
		{1E36FBFA-2BB9-45AF-B2CB-1BC20B4BB6B1}.Release|x86.Build.0 = Release|Win32
		{BA84CC9B-88F2-4253-9749-F84E9C353FB1}.Debug|x64.ActiveCfg = Debug|x64
		{BA84CC9B-88F2-4253-9749-F84E9C353FB1}.Debug|x64.Build.0 = Debug|x64
		{BA84CC9B-88F2-4253-9749-F84E9C353FB1}.Debug|x86.ActiveCfg = Debug|Win32
		{BA84CC9B-88F2-4253-9749-F84E9C353FB1}.Debug|x86.Build.0 = Debug|Win32
		{BA84CC9B-88F2-4253-9749-F84E9C353FB1}.Release|x64.ActiveCfg = Release|x64
		{BA84CC9B-88F2-4253-9749-F84E9C353FB1}.Release|x64.Build.0 = Release|x64
		{BA84CC9B-88F2-4253-9749-F84E9C353FB1}.Release|x86.ActiveCfg = Release|Win32
		{BA84CC9B-88F2-4253-9749-F84E9C353FB1}.Release|x86.Build.0 = Release|Win32
		{F997A8B3-5DF7-4871-9091-325B2C246C36}.Debug|x64.ActiveCfg = Debug|x64
		{F997A8B3-5DF7-4871-9091-325B2C246C36}.Debug|x64.Build.0 = Debug|x64
		{F997A8B3-5DF7-4871-9091-325B2C246C36}.Debug|x86.ActiveCfg = Debug|Win32
		{F997A8B3-5DF7-4871-9091-325B2C246C36}.Debug|x86.Build.0 = Debug|Win32
		{F997A8B3-5DF7-4871-9091-325B2C246C36}.Release|x64.ActiveCfg = Release|x64
		{F997A8B3-5DF7-4871-9091-325B2C246C36}.Release|x64.Build.0 = Release|x64
		{F997A8B3-5DF7-4871-9091-325B2C246C36}.Release|x86.ActiveCfg = Release|Win32
		{F997A8B3-5DF7-4871-9091-325B2C246C36}.Release|x86.Build.0 = Release|Win32
		{6E752578-503E-48F3-B95E-A83D2D4D37F8}.Debug|x64.ActiveCfg = Debug|x64
		{6E752578-503E-48F3-B95E-A83D2D4D37F8}.Debug|x64.Build.0 = Debug|x64
		{6E752578-503E-48F3-B95E-A83D2D4D37F8}.Debug|x86.ActiveCfg = Debug|Win32
		{6E752578-503E-48F3-B95E-A83D2D4D37F8}.Debug|x86.Build.0 = Debug|Win32
		{6E752578-503E-48F3-B95E-A83D2D4D37F8}.Release|x64.ActiveCfg = Release|x64
		{6E752578-503E-48F3-B95E-A83D2D4D37F8}.Release|x64.Build.0 = Release|x64
		{6E752578-503E-48F3-B95E-A83D2D4D37F8}.Release|x86.ActiveCfg = Release|Win32
		{6E752578-503E-48F3-B95E-A83D2D4D37F8}.Release|x86.Build.0 = Release|Win32
		{36C94538-4912-4563-AFB2-23785F379576}.Debug|x64.ActiveCfg = Debug|x64
		{36C94538-4912-4563-AFB2-23785F379576}.Debug|x64.Build.0 = Debug|x64
		{36C94538-4912-4563-AFB2-23785F379576}.Debug|x86.ActiveCfg = Debug|Win32
		{36C94538-4912-4563-AFB2-23785F379576}.Debug|x86.Build.0 = Debug|Win32
		{36C94538-4912-4563-AFB2-23785F379576}.Release|x64.ActiveCfg = Release|x64
		{36C94538-4912-4563-AFB2-23785F379576}.Release|x64.Build.0 = Release|x64
		{36C94538-4912-4563-AFB2-23785F379576}.Release|x86.ActiveCfg = Release|Win32
		{36C94538-4912-4563-AFB2-23785F379576}.Release|x86.Build.0 = Release|Win32
		{E530BECC-E6D1-479C-B281-490C82AB5754}.Debug|x64.ActiveCfg = Debug|x64
		{E530BECC-E6D1-479C-B281-490C82AB5754}.Debug|x64.Build.0 = Debug|x64
		{E530BECC-E6D1-479C-B281-490C82AB5754}.Debug|x86.ActiveCfg = Debug|Win32
		{E530BECC-E6D1-479C-B281-490C82AB5754}.Debug|x86.Build.0 = Debug|Win32
		{E530BECC-E6D1-479C-B281-490C82AB5754}.Release|x64.ActiveCfg = Release|x64
		{E530BECC-E6D1-479C-B281-490C82AB5754}.Release|x64.Build.0 = Release|x64
		{E530BECC-E6D1-479C-B281-490C82AB5754}.Release|x86.ActiveCfg = Release|Win32
		{E530BECC-E6D1-479C-B281-490C82AB5754}.Release|x86.Build.0 = Release|Win32
		{4B6BE167-A0F9-4DC3-9BF1-A7D68263C211}.Debug|x64.ActiveCfg = Debug|x64
		{4B6BE167-A0F9-4DC3-9BF1-A7D68263C211}.Debug|x64.Build.0 = Debug|x64
		{4B6BE167-A0F9-4DC3-9BF1-A7D68263C211}.Debug|x86.ActiveCfg = Debug|Win32
		{4B6BE167-A0F9-4DC3-9BF1-A7D68263C211}.Debug|x86.Build.0 = Debug|Win32
		{4B6BE167-A0F9-4DC3-9BF1-A7D68263C211}.Release|x64.ActiveCfg = Release|x64
		{4B6BE167-A0F9-4DC3-9BF1-A7D68263C211}.Release|x64.Build.0 = Release|x64
		{4B6BE167-A0F9-4DC3-9BF1-A7D68263C211}.Release|x86.ActiveCfg = Release|Win32
		{4B6BE167-A0F9-4DC3-9BF1-A7D68263C211}.Release|x86.Build.0 = Release|Win32
		{6419D048-D1FB-40C8-9797-D99FA805D559}.Debug|x64.ActiveCfg = Debug|x64
		{6419D048-D1FB-40C8-9797-D99FA805D559}.Debug|x64.Build.0 = Debug|x64
		{6419D048-D1FB-40C8-9797-D99FA805D559}.Debug|x86.ActiveCfg = Debug|Win32
		{6419D048-D1FB-40C8-9797-D99FA805D559}.Debug|x86.Build.0 = Debug|Win32
		{6419D048-D1FB-40C8-9797-D99FA805D559}.Release|x64.ActiveCfg = Release|x64
		{6419D048-D1FB-40C8-9797-D99FA805D559}.Release|x64.Build.0 = Release|x64
		{6419D048-D1FB-40C8-9797-D99FA805D559}.Release|x86.ActiveCfg = Release|Win32
		{6419D048-D1FB-40C8-9797-D99FA805D559}.Release|x86.Build.0 = Release|Win32
		{045D4F68-EF40-45AF-88DC-F8F7D5775AFE}.Debug|x64.ActiveCfg = Debug|x64
		{045D4F68-EF40-45AF-88DC-F8F7D5775AFE}.Debug|x64.Build.0 = Debug|x64
		{045D4F68-EF40-45AF-88DC-F8F7D5775AFE}.Debug|x86.ActiveCfg = Debug|Win32
		{045D4F68-EF40-45AF-88DC-F8F7D5775AFE}.Debug|x86.Build.0 = Debug|Win32
		{045D4F68-EF40-45AF-88DC-F8F7D5775AFE}.Release|x64.ActiveCfg = Release|x64
		{045D4F68-EF40-45AF-88DC-F8F7D5775AFE}.Release|x64.Build.0 = Release|x64
		{045D4F68-EF40-45AF-88DC-F8F7D5775AFE}.Release|x86.ActiveCfg = Release|Win32
		{045D4F68-EF40-45AF-88DC-F8F7D5775AFE}.Release|x86.Build.0 = Release|Win32
		{A990FAD0-84F1-493A-BB68-BC334543CAE5}.Debug|x64.ActiveCfg = Debug|x64
		{A990FAD0-84F1-493A-BB68-BC334543CAE5}.Debug|x64.Build.0 = Debug|x64
		{A990FAD0-84F1-493A-BB68-BC334543CAE5}.Debug|x86.ActiveCfg = Debug|Win32
		{A990FAD0-84F1-493A-BB68-BC334543CAE5}.Debug|x86.Build.0 = Debug|Win32
		{A990FAD0-84F1-493A-BB68-BC334543CAE5}.Release|x64.ActiveCfg = Release|x64
		{A990FAD0-84F1-493A-BB68-BC334543CAE5}.Release|x64.Build.0 = Release|x64
		{A990FAD0-84F1-493A-BB68-BC334543CAE5}.Release|x86.ActiveCfg = Release|Win32
		{A990FAD0-84F1-493A-BB68-BC334543CAE5}.Release|x86.Build.0 = Release|Win32
		{0CA53D1E-33FC-42A1-A173-4EFF9C81A6E3}.Debug|x64.ActiveCfg = Debug|x64
		{0CA53D1E-33FC-42A1-A173-4EFF9C81A6E3}.Debug|x64.Build.0 = Debug|x64
		{0CA53D1E-33FC-42A1-A173-4EFF9C81A6E3}.Debug|x86.ActiveCfg = Debug|Win32
		{0CA53D1E-33FC-42A1-A173-4EFF9C81A6E3}.Debug|x86.Build.0 = Debug|Win32
		{0CA53D1E-33FC-42A1-A173-4EFF9C81A6E3}.Release|x64.ActiveCfg = Release|x64
		{0CA53D1E-33FC-42A1-A173-4EFF9C81A6E3}.Release|x64.Build.0 = Release|x64
		{0CA53D1E-33FC-42A1-A173-4EFF9C81A6E3}.Release|x86.ActiveCfg = Release|Win32
		{0CA53D1E-33FC-42A1-A173-4EFF9C81A6E3}.Release|x86.Build.0 = Release|Win32
	EndGlobalSection
	GlobalSection(SolutionProperties) = preSolution
		HideSolutionNode = FALSE
	EndGlobalSection
	GlobalSection(ExtensibilityGlobals) = postSolution
		SolutionGuid = {227B8EF9-86DC-4153-B1DE-55848FAF30E9}
	EndGlobalSection
EndGlobal
